
Microsoft Visual Studio Solution File, Format Version 12.00
# Visual Studio Version 17
VisualStudioVersion = 17.8.34525.116
MinimumVisualStudioVersion = 10.0.40219.1
Project("{FAE04EC0-301F-11D3-BF4B-00C04F79EFBC}") = "Seminar8DZ", "Seminar8DZ.csproj", "{ECEBA952-A45C-4FB4-AF0F-793052F6C44A}"
EndProject
Global
	GlobalSection(SolutionConfigurationPlatforms) = preSolution
		Debug|Any CPU = Debug|Any CPU
		Release|Any CPU = Release|Any CPU
	EndGlobalSection
	GlobalSection(ProjectConfigurationPlatforms) = postSolution
		{ECEBA952-A45C-4FB4-AF0F-793052F6C44A}.Debug|Any CPU.ActiveCfg = Debug|Any CPU
		{ECEBA952-A45C-4FB4-AF0F-793052F6C44A}.Debug|Any CPU.Build.0 = Debug|Any CPU
		{ECEBA952-A45C-4FB4-AF0F-793052F6C44A}.Release|Any CPU.ActiveCfg = Release|Any CPU
		{ECEBA952-A45C-4FB4-AF0F-793052F6C44A}.Release|Any CPU.Build.0 = Release|Any CPU
	EndGlobalSection
	GlobalSection(SolutionProperties) = preSolution
		HideSolutionNode = FALSE
	EndGlobalSection
	GlobalSection(ExtensibilityGlobals) = postSolution
		SolutionGuid = {5C8993D5-8B43-4609-9C1F-07BA85964659}
	EndGlobalSection
EndGlobal
